{
  "name": "forgotten-developer",
  "version": "1.0.0",
  "lockfileVersion": 1,
  "requires": true,
  "dependencies": {
    "@types/prismjs": {
      "version": "1.16.1",
      "resolved": "https://registry.npmjs.org/@types/prismjs/-/prismjs-1.16.1.tgz",
      "integrity": "sha512-RNgcK3FEc1GpeOkamGDq42EYkb6yZW5OWQwTS56NJIB8WL0QGISQglA7En7NUx9RGP8AC52DOe+squqbAckXlA==",
      "dev": true
    }
  }
}
